[root]
name = "hello_world"
version = "0.1.0"
dependencies = [
 "rand 0.3.14 (registry+git://crates.mirrors.ustc.edu.cn/index)",
]

[[package]]
name = "libc"
version = "0.2.15"
source = "registry+git://crates.mirrors.ustc.edu.cn/index"

[[package]]
name = "rand"
version = "0.3.14"
source = "registry+git://crates.mirrors.ustc.edu.cn/index"
dependencies = [
 "libc 0.2.15 (registry+git://crates.mirrors.ustc.edu.cn/index)",
]

